
Microsoft Visual Studio Solution File, Format Version 12.00
# Visual Studio 15
VisualStudioVersion = 15.0.27004.2002
MinimumVisualStudioVersion = 10.0.40219.1
Project("{2150E333-8FDC-42A3-9474-1A3956D46DE8}") = "1-Packaging", "1-Packaging", "{D4742A0F-648B-4013-B06A-D34AA17EDCDD}"
EndProject
Project("{2150E333-8FDC-42A3-9474-1A3956D46DE8}") = "2-Enhance", "2-Enhance", "{6831886D-7793-4592-8877-B1E967C2198A}"
EndProject
Project("{2150E333-8FDC-42A3-9474-1A3956D46DE8}") = "3-FullUWP", "3-FullUWP", "{42798A90-700A-4E1E-8203-1FBB0ADF16ED}"
EndProject
Project("{FAE04EC0-301F-11D3-BF4B-00C04F79EFBC}") = "MyEnterpriseWinFormsApp", "MyEnterpriseWinFormsApp\MyEnterpriseWinFormsApp.csproj", "{A021AA64-E6F6-4687-AFCB-E31F2289244A}"
EndProject
Project("{FAE04EC0-301F-11D3-BF4B-00C04F79EFBC}") = "MyEnterpriseWinFormsApp", "MyEnhancedEnterpriseWinFormsApp\MyEnterpriseWinFormsApp.csproj", "{008568D9-6602-48B1-86DB-5DD98D070083}"
EndProject
Project("{C7167F0D-BC9F-4E6E-AFE1-012C56B48DB5}") = "MyEnterpriseWinFormsApp.Package", "MyEnhancedEnterpriseWinFormsApp.Package\MyEnterpriseWinFormsApp.Package.wapproj", "{583ECBE9-E66C-4274-B51E-A2B991C66678}"
EndProject
Project("{FAE04EC0-301F-11D3-BF4B-00C04F79EFBC}") = "MyEnterpriseUWPApp", "MyEnterpriseUWPApp\MyEnterpriseUWPApp.csproj", "{242DF82C-07C0-49F0-BDE5-31F4AD8DAA4E}"
EndProject
Project("{C7167F0D-BC9F-4E6E-AFE1-012C56B48DB5}") = "MyEnterpriseWinFormsApp.Package", "WapProjTemplate1\MyEnterpriseWinFormsApp.Package.wapproj", "{D14E8C37-949C-4871-8852-EC502F02C931}"
EndProject
Global
	GlobalSection(SolutionConfigurationPlatforms) = preSolution
		Debug|Any CPU = Debug|Any CPU
		Debug|ARM = Debug|ARM
		Debug|x64 = Debug|x64
		Debug|x86 = Debug|x86
		Release|Any CPU = Release|Any CPU
		Release|ARM = Release|ARM
		Release|x64 = Release|x64
		Release|x86 = Release|x86
	EndGlobalSection
	GlobalSection(ProjectConfigurationPlatforms) = postSolution
		{A021AA64-E6F6-4687-AFCB-E31F2289244A}.Debug|Any CPU.ActiveCfg = Debug|Any CPU
		{A021AA64-E6F6-4687-AFCB-E31F2289244A}.Debug|Any CPU.Build.0 = Debug|Any CPU
		{A021AA64-E6F6-4687-AFCB-E31F2289244A}.Debug|ARM.ActiveCfg = Debug|Any CPU
		{A021AA64-E6F6-4687-AFCB-E31F2289244A}.Debug|ARM.Build.0 = Debug|Any CPU
		{A021AA64-E6F6-4687-AFCB-E31F2289244A}.Debug|x64.ActiveCfg = Debug|Any CPU
		{A021AA64-E6F6-4687-AFCB-E31F2289244A}.Debug|x64.Build.0 = Debug|Any CPU
		{A021AA64-E6F6-4687-AFCB-E31F2289244A}.Debug|x86.ActiveCfg = Debug|Any CPU
		{A021AA64-E6F6-4687-AFCB-E31F2289244A}.Debug|x86.Build.0 = Debug|Any CPU
		{A021AA64-E6F6-4687-AFCB-E31F2289244A}.Release|Any CPU.ActiveCfg = Release|Any CPU
		{A021AA64-E6F6-4687-AFCB-E31F2289244A}.Release|Any CPU.Build.0 = Release|Any CPU
		{A021AA64-E6F6-4687-AFCB-E31F2289244A}.Release|ARM.ActiveCfg = Release|Any CPU
		{A021AA64-E6F6-4687-AFCB-E31F2289244A}.Release|ARM.Build.0 = Release|Any CPU
		{A021AA64-E6F6-4687-AFCB-E31F2289244A}.Release|x64.ActiveCfg = Release|Any CPU
		{A021AA64-E6F6-4687-AFCB-E31F2289244A}.Release|x64.Build.0 = Release|Any CPU
		{A021AA64-E6F6-4687-AFCB-E31F2289244A}.Release|x86.ActiveCfg = Release|Any CPU
		{A021AA64-E6F6-4687-AFCB-E31F2289244A}.Release|x86.Build.0 = Release|Any CPU
		{008568D9-6602-48B1-86DB-5DD98D070083}.Debug|Any CPU.ActiveCfg = Debug|Any CPU
		{008568D9-6602-48B1-86DB-5DD98D070083}.Debug|Any CPU.Build.0 = Debug|Any CPU
		{008568D9-6602-48B1-86DB-5DD98D070083}.Debug|ARM.ActiveCfg = Debug|Any CPU
		{008568D9-6602-48B1-86DB-5DD98D070083}.Debug|ARM.Build.0 = Debug|Any CPU
		{008568D9-6602-48B1-86DB-5DD98D070083}.Debug|x64.ActiveCfg = Debug|Any CPU
		{008568D9-6602-48B1-86DB-5DD98D070083}.Debug|x64.Build.0 = Debug|Any CPU
		{008568D9-6602-48B1-86DB-5DD98D070083}.Debug|x86.ActiveCfg = Debug|Any CPU
		{008568D9-6602-48B1-86DB-5DD98D070083}.Debug|x86.Build.0 = Debug|Any CPU
		{008568D9-6602-48B1-86DB-5DD98D070083}.Release|Any CPU.ActiveCfg = Release|Any CPU
		{008568D9-6602-48B1-86DB-5DD98D070083}.Release|Any CPU.Build.0 = Release|Any CPU
		{008568D9-6602-48B1-86DB-5DD98D070083}.Release|ARM.ActiveCfg = Release|Any CPU
		{008568D9-6602-48B1-86DB-5DD98D070083}.Release|ARM.Build.0 = Release|Any CPU
		{008568D9-6602-48B1-86DB-5DD98D070083}.Release|x64.ActiveCfg = Release|Any CPU
		{008568D9-6602-48B1-86DB-5DD98D070083}.Release|x64.Build.0 = Release|Any CPU
		{008568D9-6602-48B1-86DB-5DD98D070083}.Release|x86.ActiveCfg = Release|Any CPU
		{008568D9-6602-48B1-86DB-5DD98D070083}.Release|x86.Build.0 = Release|Any CPU
		{583ECBE9-E66C-4274-B51E-A2B991C66678}.Debug|Any CPU.ActiveCfg = Debug|Any CPU
		{583ECBE9-E66C-4274-B51E-A2B991C66678}.Debug|Any CPU.Build.0 = Debug|Any CPU
		{583ECBE9-E66C-4274-B51E-A2B991C66678}.Debug|Any CPU.Deploy.0 = Debug|Any CPU
		{583ECBE9-E66C-4274-B51E-A2B991C66678}.Debug|ARM.ActiveCfg = Debug|Any CPU
		{583ECBE9-E66C-4274-B51E-A2B991C66678}.Debug|ARM.Build.0 = Debug|Any CPU
		{583ECBE9-E66C-4274-B51E-A2B991C66678}.Debug|ARM.Deploy.0 = Debug|Any CPU
		{583ECBE9-E66C-4274-B51E-A2B991C66678}.Debug|x64.ActiveCfg = Debug|x64
		{583ECBE9-E66C-4274-B51E-A2B991C66678}.Debug|x64.Build.0 = Debug|x64
		{583ECBE9-E66C-4274-B51E-A2B991C66678}.Debug|x64.Deploy.0 = Debug|x64
		{583ECBE9-E66C-4274-B51E-A2B991C66678}.Debug|x86.ActiveCfg = Debug|x86
		{583ECBE9-E66C-4274-B51E-A2B991C66678}.Debug|x86.Build.0 = Debug|x86
		{583ECBE9-E66C-4274-B51E-A2B991C66678}.Debug|x86.Deploy.0 = Debug|x86
		{583ECBE9-E66C-4274-B51E-A2B991C66678}.Release|Any CPU.ActiveCfg = Release|Any CPU
		{583ECBE9-E66C-4274-B51E-A2B991C66678}.Release|Any CPU.Build.0 = Release|Any CPU
		{583ECBE9-E66C-4274-B51E-A2B991C66678}.Release|Any CPU.Deploy.0 = Release|Any CPU
		{583ECBE9-E66C-4274-B51E-A2B991C66678}.Release|ARM.ActiveCfg = Release|Any CPU
		{583ECBE9-E66C-4274-B51E-A2B991C66678}.Release|ARM.Build.0 = Release|Any CPU
		{583ECBE9-E66C-4274-B51E-A2B991C66678}.Release|ARM.Deploy.0 = Release|Any CPU
		{583ECBE9-E66C-4274-B51E-A2B991C66678}.Release|x64.ActiveCfg = Release|x64
		{583ECBE9-E66C-4274-B51E-A2B991C66678}.Release|x64.Build.0 = Release|x64
		{583ECBE9-E66C-4274-B51E-A2B991C66678}.Release|x64.Deploy.0 = Release|x64
		{583ECBE9-E66C-4274-B51E-A2B991C66678}.Release|x86.ActiveCfg = Release|x86
		{583ECBE9-E66C-4274-B51E-A2B991C66678}.Release|x86.Build.0 = Release|x86
		{583ECBE9-E66C-4274-B51E-A2B991C66678}.Release|x86.Deploy.0 = Release|x86
		{242DF82C-07C0-49F0-BDE5-31F4AD8DAA4E}.Debug|Any CPU.ActiveCfg = Debug|x86
		{242DF82C-07C0-49F0-BDE5-31F4AD8DAA4E}.Debug|Any CPU.Build.0 = Debug|x86
		{242DF82C-07C0-49F0-BDE5-31F4AD8DAA4E}.Debug|Any CPU.Deploy.0 = Debug|x86
		{242DF82C-07C0-49F0-BDE5-31F4AD8DAA4E}.Debug|ARM.ActiveCfg = Debug|ARM
		{242DF82C-07C0-49F0-BDE5-31F4AD8DAA4E}.Debug|ARM.Build.0 = Debug|ARM
		{242DF82C-07C0-49F0-BDE5-31F4AD8DAA4E}.Debug|ARM.Deploy.0 = Debug|ARM
		{242DF82C-07C0-49F0-BDE5-31F4AD8DAA4E}.Debug|x64.ActiveCfg = Debug|x64
		{242DF82C-07C0-49F0-BDE5-31F4AD8DAA4E}.Debug|x64.Build.0 = Debug|x64
		{242DF82C-07C0-49F0-BDE5-31F4AD8DAA4E}.Debug|x64.Deploy.0 = Debug|x64
		{242DF82C-07C0-49F0-BDE5-31F4AD8DAA4E}.Debug|x86.ActiveCfg = Debug|x86
		{242DF82C-07C0-49F0-BDE5-31F4AD8DAA4E}.Debug|x86.Build.0 = Debug|x86
		{242DF82C-07C0-49F0-BDE5-31F4AD8DAA4E}.Debug|x86.Deploy.0 = Debug|x86
		{242DF82C-07C0-49F0-BDE5-31F4AD8DAA4E}.Release|Any CPU.ActiveCfg = Release|x86
		{242DF82C-07C0-49F0-BDE5-31F4AD8DAA4E}.Release|ARM.ActiveCfg = Release|ARM
		{242DF82C-07C0-49F0-BDE5-31F4AD8DAA4E}.Release|ARM.Build.0 = Release|ARM
		{242DF82C-07C0-49F0-BDE5-31F4AD8DAA4E}.Release|ARM.Deploy.0 = Release|ARM
		{242DF82C-07C0-49F0-BDE5-31F4AD8DAA4E}.Release|x64.ActiveCfg = Release|x64
		{242DF82C-07C0-49F0-BDE5-31F4AD8DAA4E}.Release|x64.Build.0 = Release|x64
		{242DF82C-07C0-49F0-BDE5-31F4AD8DAA4E}.Release|x64.Deploy.0 = Release|x64
		{242DF82C-07C0-49F0-BDE5-31F4AD8DAA4E}.Release|x86.ActiveCfg = Release|x86
		{242DF82C-07C0-49F0-BDE5-31F4AD8DAA4E}.Release|x86.Build.0 = Release|x86
		{242DF82C-07C0-49F0-BDE5-31F4AD8DAA4E}.Release|x86.Deploy.0 = Release|x86
		{D14E8C37-949C-4871-8852-EC502F02C931}.Debug|Any CPU.ActiveCfg = Debug|Any CPU
		{D14E8C37-949C-4871-8852-EC502F02C931}.Debug|Any CPU.Build.0 = Debug|Any CPU
		{D14E8C37-949C-4871-8852-EC502F02C931}.Debug|Any CPU.Deploy.0 = Debug|Any CPU
		{D14E8C37-949C-4871-8852-EC502F02C931}.Debug|ARM.ActiveCfg = Debug|Any CPU
		{D14E8C37-949C-4871-8852-EC502F02C931}.Debug|ARM.Build.0 = Debug|Any CPU
		{D14E8C37-949C-4871-8852-EC502F02C931}.Debug|ARM.Deploy.0 = Debug|Any CPU
		{D14E8C37-949C-4871-8852-EC502F02C931}.Debug|x64.ActiveCfg = Debug|x64
		{D14E8C37-949C-4871-8852-EC502F02C931}.Debug|x64.Build.0 = Debug|x64
		{D14E8C37-949C-4871-8852-EC502F02C931}.Debug|x64.Deploy.0 = Debug|x64
		{D14E8C37-949C-4871-8852-EC502F02C931}.Debug|x86.ActiveCfg = Debug|x86
		{D14E8C37-949C-4871-8852-EC502F02C931}.Debug|x86.Build.0 = Debug|x86
		{D14E8C37-949C-4871-8852-EC502F02C931}.Debug|x86.Deploy.0 = Debug|x86
		{D14E8C37-949C-4871-8852-EC502F02C931}.Release|Any CPU.ActiveCfg = Release|Any CPU
		{D14E8C37-949C-4871-8852-EC502F02C931}.Release|Any CPU.Build.0 = Release|Any CPU
		{D14E8C37-949C-4871-8852-EC502F02C931}.Release|Any CPU.Deploy.0 = Release|Any CPU
		{D14E8C37-949C-4871-8852-EC502F02C931}.Release|ARM.ActiveCfg = Release|Any CPU
		{D14E8C37-949C-4871-8852-EC502F02C931}.Release|ARM.Build.0 = Release|Any CPU
		{D14E8C37-949C-4871-8852-EC502F02C931}.Release|ARM.Deploy.0 = Release|Any CPU
		{D14E8C37-949C-4871-8852-EC502F02C931}.Release|x64.ActiveCfg = Release|x64
		{D14E8C37-949C-4871-8852-EC502F02C931}.Release|x64.Build.0 = Release|x64
		{D14E8C37-949C-4871-8852-EC502F02C931}.Release|x64.Deploy.0 = Release|x64
		{D14E8C37-949C-4871-8852-EC502F02C931}.Release|x86.ActiveCfg = Release|x86
		{D14E8C37-949C-4871-8852-EC502F02C931}.Release|x86.Build.0 = Release|x86
		{D14E8C37-949C-4871-8852-EC502F02C931}.Release|x86.Deploy.0 = Release|x86
	EndGlobalSection
	GlobalSection(SolutionProperties) = preSolution
		HideSolutionNode = FALSE
	EndGlobalSection
	GlobalSection(NestedProjects) = preSolution
		{A021AA64-E6F6-4687-AFCB-E31F2289244A} = {D4742A0F-648B-4013-B06A-D34AA17EDCDD}
		{008568D9-6602-48B1-86DB-5DD98D070083} = {6831886D-7793-4592-8877-B1E967C2198A}
		{583ECBE9-E66C-4274-B51E-A2B991C66678} = {6831886D-7793-4592-8877-B1E967C2198A}
		{242DF82C-07C0-49F0-BDE5-31F4AD8DAA4E} = {42798A90-700A-4E1E-8203-1FBB0ADF16ED}
		{D14E8C37-949C-4871-8852-EC502F02C931} = {D4742A0F-648B-4013-B06A-D34AA17EDCDD}
	EndGlobalSection
	GlobalSection(ExtensibilityGlobals) = postSolution
		SolutionGuid = {FE999467-8CE2-44E4-BFF1-EDF38B69A742}
	EndGlobalSection
EndGlobal
